
Microsoft Visual Studio Solution File, Format Version 11.00
# Visual Studio 2010
Project("{FAE04EC0-301F-11D3-BF4B-00C04F79EFBC}") = "CardThemeLib", "CardThemeLib.csproj", "{CBC96547-58E8-7A85-F8DA-9287841B68E7}"
EndProject
Project("{FAE04EC0-301F-11D3-BF4B-00C04F79EFBC}") = "Assembly-CSharp", "Assembly-CSharp.csproj", "{7663B102-DBC4-9A21-971B-59E37B952EA3}"
EndProject
Project("{FAE04EC0-301F-11D3-BF4B-00C04F79EFBC}") = "WillsWackyManagers", "WillsWackyManagers.csproj", "{4C1AFC9B-BE86-711B-F29F-9BCD7C79A1A1}"
EndProject
Project("{FAE04EC0-301F-11D3-BF4B-00C04F79EFBC}") = "ModsPlus", "ModsPlus.csproj", "{DC999DC7-72A1-E938-8CE2-73D3F05F9785}"
EndProject
Project("{FAE04EC0-301F-11D3-BF4B-00C04F79EFBC}") = "UnboundLib", "UnboundLib.csproj", "{59BE7139-C423-B89E-1D76-AD359D46A0E4}"
EndProject
Project("{FAE04EC0-301F-11D3-BF4B-00C04F79EFBC}") = "ModdingUtils", "ModdingUtils.csproj", "{83254B51-A03A-30FA-AF39-151E18F6F302}"
EndProject
Project("{FAE04EC0-301F-11D3-BF4B-00C04F79EFBC}") = "CardChoiceSpawnUniqueCardPatch", "CardChoiceSpawnUniqueCardPatch.csproj", "{AB392896-3354-59ED-30C4-930E3A2A200C}"
EndProject
Project("{FAE04EC0-301F-11D3-BF4B-00C04F79EFBC}") = "ILGenerator", "ILGenerator.csproj", "{EE32405C-EE09-1455-FD31-23CBF254A474}"
EndProject
Project("{FAE04EC0-301F-11D3-BF4B-00C04F79EFBC}") = "ClassesManagerReborn", "ClassesManagerReborn.csproj", "{50B69542-FE02-6638-5017-8D188BC3161D}"
EndProject
Project("{FAE04EC0-301F-11D3-BF4B-00C04F79EFBC}") = "mod1", "mod1.csproj", "{D43BA61F-B6C5-4231-2DD5-968BCD1EF7B1}"
EndProject
Project("{FAE04EC0-301F-11D3-BF4B-00C04F79EFBC}") = "RarityLib", "RarityLib.csproj", "{20B2AD6C-21E1-51DD-E0CC-7507929E5D8A}"
EndProject
Project("{FAE04EC0-301F-11D3-BF4B-00C04F79EFBC}") = "Assembly-CSharp-Editor", "Assembly-CSharp-Editor.csproj", "{CF556322-9556-2029-B217-1AEDCCFF1D3B}"
EndProject
Global
	GlobalSection(SolutionConfigurationPlatforms) = preSolution
		Debug|Any CPU = Debug|Any CPU
		Release|Any CPU = Release|Any CPU
	EndGlobalSection
	GlobalSection(ProjectConfigurationPlatforms) = postSolution
		{CBC96547-58E8-7A85-F8DA-9287841B68E7}.Debug|Any CPU.ActiveCfg = Debug|Any CPU
		{CBC96547-58E8-7A85-F8DA-9287841B68E7}.Debug|Any CPU.Build.0 = Debug|Any CPU
		{CBC96547-58E8-7A85-F8DA-9287841B68E7}.Release|Any CPU.ActiveCfg = Release|Any CPU
		{CBC96547-58E8-7A85-F8DA-9287841B68E7}.Release|Any CPU.Build.0 = Release|Any CPU
		{7663B102-DBC4-9A21-971B-59E37B952EA3}.Debug|Any CPU.ActiveCfg = Debug|Any CPU
		{7663B102-DBC4-9A21-971B-59E37B952EA3}.Debug|Any CPU.Build.0 = Debug|Any CPU
		{7663B102-DBC4-9A21-971B-59E37B952EA3}.Release|Any CPU.ActiveCfg = Release|Any CPU
		{7663B102-DBC4-9A21-971B-59E37B952EA3}.Release|Any CPU.Build.0 = Release|Any CPU
		{4C1AFC9B-BE86-711B-F29F-9BCD7C79A1A1}.Debug|Any CPU.ActiveCfg = Debug|Any CPU
		{4C1AFC9B-BE86-711B-F29F-9BCD7C79A1A1}.Debug|Any CPU.Build.0 = Debug|Any CPU
		{4C1AFC9B-BE86-711B-F29F-9BCD7C79A1A1}.Release|Any CPU.ActiveCfg = Release|Any CPU
		{4C1AFC9B-BE86-711B-F29F-9BCD7C79A1A1}.Release|Any CPU.Build.0 = Release|Any CPU
		{DC999DC7-72A1-E938-8CE2-73D3F05F9785}.Debug|Any CPU.ActiveCfg = Debug|Any CPU
		{DC999DC7-72A1-E938-8CE2-73D3F05F9785}.Debug|Any CPU.Build.0 = Debug|Any CPU
		{DC999DC7-72A1-E938-8CE2-73D3F05F9785}.Release|Any CPU.ActiveCfg = Release|Any CPU
		{DC999DC7-72A1-E938-8CE2-73D3F05F9785}.Release|Any CPU.Build.0 = Release|Any CPU
		{59BE7139-C423-B89E-1D76-AD359D46A0E4}.Debug|Any CPU.ActiveCfg = Debug|Any CPU
		{59BE7139-C423-B89E-1D76-AD359D46A0E4}.Debug|Any CPU.Build.0 = Debug|Any CPU
		{59BE7139-C423-B89E-1D76-AD359D46A0E4}.Release|Any CPU.ActiveCfg = Release|Any CPU
		{59BE7139-C423-B89E-1D76-AD359D46A0E4}.Release|Any CPU.Build.0 = Release|Any CPU
		{83254B51-A03A-30FA-AF39-151E18F6F302}.Debug|Any CPU.ActiveCfg = Debug|Any CPU
		{83254B51-A03A-30FA-AF39-151E18F6F302}.Debug|Any CPU.Build.0 = Debug|Any CPU
		{83254B51-A03A-30FA-AF39-151E18F6F302}.Release|Any CPU.ActiveCfg = Release|Any CPU
		{83254B51-A03A-30FA-AF39-151E18F6F302}.Release|Any CPU.Build.0 = Release|Any CPU
		{AB392896-3354-59ED-30C4-930E3A2A200C}.Debug|Any CPU.ActiveCfg = Debug|Any CPU
		{AB392896-3354-59ED-30C4-930E3A2A200C}.Debug|Any CPU.Build.0 = Debug|Any CPU
		{AB392896-3354-59ED-30C4-930E3A2A200C}.Release|Any CPU.ActiveCfg = Release|Any CPU
		{AB392896-3354-59ED-30C4-930E3A2A200C}.Release|Any CPU.Build.0 = Release|Any CPU
		{EE32405C-EE09-1455-FD31-23CBF254A474}.Debug|Any CPU.ActiveCfg = Debug|Any CPU
		{EE32405C-EE09-1455-FD31-23CBF254A474}.Debug|Any CPU.Build.0 = Debug|Any CPU
		{EE32405C-EE09-1455-FD31-23CBF254A474}.Release|Any CPU.ActiveCfg = Release|Any CPU
		{EE32405C-EE09-1455-FD31-23CBF254A474}.Release|Any CPU.Build.0 = Release|Any CPU
		{50B69542-FE02-6638-5017-8D188BC3161D}.Debug|Any CPU.ActiveCfg = Debug|Any CPU
		{50B69542-FE02-6638-5017-8D188BC3161D}.Debug|Any CPU.Build.0 = Debug|Any CPU
		{50B69542-FE02-6638-5017-8D188BC3161D}.Release|Any CPU.ActiveCfg = Release|Any CPU
		{50B69542-FE02-6638-5017-8D188BC3161D}.Release|Any CPU.Build.0 = Release|Any CPU
		{D43BA61F-B6C5-4231-2DD5-968BCD1EF7B1}.Debug|Any CPU.ActiveCfg = Debug|Any CPU
		{D43BA61F-B6C5-4231-2DD5-968BCD1EF7B1}.Debug|Any CPU.Build.0 = Debug|Any CPU
		{D43BA61F-B6C5-4231-2DD5-968BCD1EF7B1}.Release|Any CPU.ActiveCfg = Release|Any CPU
		{D43BA61F-B6C5-4231-2DD5-968BCD1EF7B1}.Release|Any CPU.Build.0 = Release|Any CPU
		{20B2AD6C-21E1-51DD-E0CC-7507929E5D8A}.Debug|Any CPU.ActiveCfg = Debug|Any CPU
		{20B2AD6C-21E1-51DD-E0CC-7507929E5D8A}.Debug|Any CPU.Build.0 = Debug|Any CPU
		{20B2AD6C-21E1-51DD-E0CC-7507929E5D8A}.Release|Any CPU.ActiveCfg = Release|Any CPU
		{20B2AD6C-21E1-51DD-E0CC-7507929E5D8A}.Release|Any CPU.Build.0 = Release|Any CPU
		{CF556322-9556-2029-B217-1AEDCCFF1D3B}.Debug|Any CPU.ActiveCfg = Debug|Any CPU
		{CF556322-9556-2029-B217-1AEDCCFF1D3B}.Debug|Any CPU.Build.0 = Debug|Any CPU
		{CF556322-9556-2029-B217-1AEDCCFF1D3B}.Release|Any CPU.ActiveCfg = Release|Any CPU
		{CF556322-9556-2029-B217-1AEDCCFF1D3B}.Release|Any CPU.Build.0 = Release|Any CPU
	EndGlobalSection
	GlobalSection(SolutionProperties) = preSolution
		HideSolutionNode = FALSE
	EndGlobalSection
	GlobalSection(MonoDevelopProperties) = preSolution
		StartupItem = Assembly-CSharp.csproj
	EndGlobalSection
EndGlobal
